
Microsoft Visual Studio Solution File, Format Version 12.00
# Visual Studio Version 16
VisualStudioVersion = 16.0.30011.22
MinimumVisualStudioVersion = 10.0.40219.1
Project("{FAE04EC0-301F-11D3-BF4B-00C04F79EFBC}") = "studentInternship", "studentInternship\studentInternship.csproj", "{5331B3AB-D12B-4FB1-AD74-2A1CA6885DA8}"
EndProject
Global
	GlobalSection(SolutionConfigurationPlatforms) = preSolution
		Debug|Any CPU = Debug|Any CPU
		Release|Any CPU = Release|Any CPU
	EndGlobalSection
	GlobalSection(ProjectConfigurationPlatforms) = postSolution
		{5331B3AB-D12B-4FB1-AD74-2A1CA6885DA8}.Debug|Any CPU.ActiveCfg = Debug|Any CPU
		{5331B3AB-D12B-4FB1-AD74-2A1CA6885DA8}.Debug|Any CPU.Build.0 = Debug|Any CPU
		{5331B3AB-D12B-4FB1-AD74-2A1CA6885DA8}.Release|Any CPU.ActiveCfg = Release|Any CPU
		{5331B3AB-D12B-4FB1-AD74-2A1CA6885DA8}.Release|Any CPU.Build.0 = Release|Any CPU
	EndGlobalSection
	GlobalSection(SolutionProperties) = preSolution
		HideSolutionNode = FALSE
	EndGlobalSection
	GlobalSection(ExtensibilityGlobals) = postSolution
		SolutionGuid = {5C26F2EB-4BED-4EC4-8802-DE6A00B43B2B}
	EndGlobalSection
EndGlobal
